// !$*UTF8*$!
{
	archiveVersion = 1;
	classes = {
	};
	objectVersion = 50;
	objects = {

/* Begin PBXBuildFile section */
		A7F678C7237515A000425CC7 /* AppDelegate.m in Sources */ = {isa = PBXBuildFile; fileRef = A7F678C6237515A000425CC7 /* AppDelegate.m */; };
		A7F678CA237515A000425CC7 /* ViewController.m in Sources */ = {isa = PBXBuildFile; fileRef = A7F678C9237515A000425CC7 /* ViewController.m */; };
		A7F678CD237515A000425CC7 /* Main.storyboard in Resources */ = {isa = PBXBuildFile; fileRef = A7F678CB237515A000425CC7 /* Main.storyboard */; };
		A7F678D0237515A000425CC7 /* iOSTrainingAPICalls.xcdatamodeld in Sources */ = {isa = PBXBuildFile; fileRef = A7F678CE237515A000425CC7 /* iOSTrainingAPICalls.xcdatamodeld */; };
		A7F678D2237515A100425CC7 /* Assets.xcassets in Resources */ = {isa = PBXBuildFile; fileRef = A7F678D1237515A100425CC7 /* Assets.xcassets */; };
		A7F678D5237515A100425CC7 /* LaunchScreen.storyboard in Resources */ = {isa = PBXBuildFile; fileRef = A7F678D3237515A100425CC7 /* LaunchScreen.storyboard */; };
		A7F678D8237515A100425CC7 /* main.m in Sources */ = {isa = PBXBuildFile; fileRef = A7F678D7237515A100425CC7 /* main.m */; };
		A7F678E2237515A100425CC7 /* iOSTrainingAPICallsTests.m in Sources */ = {isa = PBXBuildFile; fileRef = A7F678E1237515A100425CC7 /* iOSTrainingAPICallsTests.m */; };
		A7F678ED237515A100425CC7 /* iOSTrainingAPICallsUITests.m in Sources */ = {isa = PBXBuildFile; fileRef = A7F678EC237515A100425CC7 /* iOSTrainingAPICallsUITests.m */; };
/* End PBXBuildFile section */

/* Begin PBXContainerItemProxy section */
		A7F678DE237515A100425CC7 /* PBXContainerItemProxy */ = {
			isa = PBXContainerItemProxy;
			containerPortal = A7F678BA237515A000425CC7 /* Project object */;
			proxyType = 1;
			remoteGlobalIDString = A7F678C1237515A000425CC7;
			remoteInfo = iOSTrainingAPICalls;
		};
		A7F678E9237515A100425CC7 /* PBXContainerItemProxy */ = {
			isa = PBXContainerItemProxy;
			containerPortal = A7F678BA237515A000425CC7 /* Project object */;
			proxyType = 1;
			remoteGlobalIDString = A7F678C1237515A000425CC7;
			remoteInfo = iOSTrainingAPICalls;
		};
/* End PBXContainerItemProxy section */

/* Begin PBXFileReference section */
		A7F678C2237515A000425CC7 /* iOSTrainingAPICalls.app */ = {isa = PBXFileReference; explicitFileType = wrapper.application; includeInIndex = 0; path = iOSTrainingAPICalls.app; sourceTree = BUILT_PRODUCTS_DIR; };
		A7F678C5237515A000425CC7 /* AppDelegate.h */ = {isa = PBXFileReference; lastKnownFileType = sourcecode.c.h; path = AppDelegate.h; sourceTree = "<group>"; };
		A7F678C6237515A000425CC7 /* AppDelegate.m */ = {isa = PBXFileReference; lastKnownFileType = sourcecode.c.objc; path = AppDelegate.m; sourceTree = "<group>"; };
		A7F678C8237515A000425CC7 /* ViewController.h */ = {isa = PBXFileReference; lastKnownFileType = sourcecode.c.h; path = ViewController.h; sourceTree = "<group>"; };
		A7F678C9237515A000425CC7 /* ViewController.m */ = {isa = PBXFileReference; lastKnownFileType = sourcecode.c.objc; path = ViewController.m; sourceTree = "<group>"; };
		A7F678CC237515A000425CC7 /* Base */ = {isa = PBXFileReference; lastKnownFileType = file.storyboard; name = Base; path = Base.lproj/Main.storyboard; sourceTree = "<group>"; };
		A7F678CF237515A000425CC7 /* iOSTrainingAPICalls.xcdatamodel */ = {isa = PBXFileReference; lastKnownFileType = wrapper.xcdatamodel; path = iOSTrainingAPICalls.xcdatamodel; sourceTree = "<group>"; };
		A7F678D1237515A100425CC7 /* Assets.xcassets */ = {isa = PBXFileReference; lastKnownFileType = folder.assetcatalog; path = Assets.xcassets; sourceTree = "<group>"; };
		A7F678D4237515A100425CC7 /* Base */ = {isa = PBXFileReference; lastKnownFileType = file.storyboard; name = Base; path = Base.lproj/LaunchScreen.storyboard; sourceTree = "<group>"; };
		A7F678D6237515A100425CC7 /* Info.plist */ = {isa = PBXFileReference; lastKnownFileType = text.plist.xml; path = Info.plist; sourceTree = "<group>"; };
		A7F678D7237515A100425CC7 /* main.m */ = {isa = PBXFileReference; lastKnownFileType = sourcecode.c.objc; path = main.m; sourceTree = "<group>"; };
		A7F678DD237515A100425CC7 /* iOSTrainingAPICallsTests.xctest */ = {isa = PBXFileReference; explicitFileType = wrapper.cfbundle; includeInIndex = 0; path = iOSTrainingAPICallsTests.xctest; sourceTree = BUILT_PRODUCTS_DIR; };
		A7F678E1237515A100425CC7 /* iOSTrainingAPICallsTests.m */ = {isa = PBXFileReference; lastKnownFileType = sourcecode.c.objc; path = iOSTrainingAPICallsTests.m; sourceTree = "<group>"; };
		A7F678E3237515A100425CC7 /* Info.plist */ = {isa = PBXFileReference; lastKnownFileType = text.plist.xml; path = Info.plist; sourceTree = "<group>"; };
		A7F678E8237515A100425CC7 /* iOSTrainingAPICallsUITests.xctest */ = {isa = PBXFileReference; explicitFileType = wrapper.cfbundle; includeInIndex = 0; path = iOSTrainingAPICallsUITests.xctest; sourceTree = BUILT_PRODUCTS_DIR; };
		A7F678EC237515A100425CC7 /* iOSTrainingAPICallsUITests.m */ = {isa = PBXFileReference; lastKnownFileType = sourcecode.c.objc; path = iOSTrainingAPICallsUITests.m; sourceTree = "<group>"; };
		A7F678EE237515A100425CC7 /* Info.plist */ = {isa = PBXFileReference; lastKnownFileType = text.plist.xml; path = Info.plist; sourceTree = "<group>"; };
/* End PBXFileReference section */

/* Begin PBXFrameworksBuildPhase section */
		A7F678BF237515A000425CC7 /* Frameworks */ = {
			isa = PBXFrameworksBuildPhase;
			buildActionMask = 2147483647;
			files = (
			);
			runOnlyForDeploymentPostprocessing = 0;
		};
		A7F678DA237515A100425CC7 /* Frameworks */ = {
			isa = PBXFrameworksBuildPhase;
			buildActionMask = 2147483647;
			files = (
			);
			runOnlyForDeploymentPostprocessing = 0;
		};
		A7F678E5237515A100425CC7 /* Frameworks */ = {
			isa = PBXFrameworksBuildPhase;
			buildActionMask = 2147483647;
			files = (
			);
			runOnlyForDeploymentPostprocessing = 0;
		};
/* End PBXFrameworksBuildPhase section */

/* Begin PBXGroup section */
		A7F678B9237515A000425CC7 = {
			isa = PBXGroup;
			children = (
				A7F678C4237515A000425CC7 /* iOSTrainingAPICalls */,
				A7F678E0237515A100425CC7 /* iOSTrainingAPICallsTests */,
				A7F678EB237515A100425CC7 /* iOSTrainingAPICallsUITests */,
				A7F678C3237515A000425CC7 /* Products */,
			);
			sourceTree = "<group>";
		};
		A7F678C3237515A000425CC7 /* Products */ = {
			isa = PBXGroup;
			children = (
				A7F678C2237515A000425CC7 /* iOSTrainingAPICalls.app */,
				A7F678DD237515A100425CC7 /* iOSTrainingAPICallsTests.xctest */,
				A7F678E8237515A100425CC7 /* iOSTrainingAPICallsUITests.xctest */,
			);
			name = Products;
			sourceTree = "<group>";
		};
		A7F678C4237515A000425CC7 /* iOSTrainingAPICalls */ = {
			isa = PBXGroup;
			children = (
				A7F678C5237515A000425CC7 /* AppDelegate.h */,
				A7F678C6237515A000425CC7 /* AppDelegate.m */,
				A7F678C8237515A000425CC7 /* ViewController.h */,
				A7F678C9237515A000425CC7 /* ViewController.m */,
				A7F678CB237515A000425CC7 /* Main.storyboard */,
				A7F678D1237515A100425CC7 /* Assets.xcassets */,
				A7F678D3237515A100425CC7 /* LaunchScreen.storyboard */,
				A7F678D6237515A100425CC7 /* Info.plist */,
				A7F678D7237515A100425CC7 /* main.m */,
				A7F678CE237515A000425CC7 /* iOSTrainingAPICalls.xcdatamodeld */,
			);
			path = iOSTrainingAPICalls;
			sourceTree = "<group>";
		};
		A7F678E0237515A100425CC7 /* iOSTrainingAPICallsTests */ = {
			isa = PBXGroup;
			children = (
				A7F678E1237515A100425CC7 /* iOSTrainingAPICallsTests.m */,
				A7F678E3237515A100425CC7 /* Info.plist */,
			);
			path = iOSTrainingAPICallsTests;
			sourceTree = "<group>";
		};
		A7F678EB237515A100425CC7 /* iOSTrainingAPICallsUITests */ = {
			isa = PBXGroup;
			children = (
				A7F678EC237515A100425CC7 /* iOSTrainingAPICallsUITests.m */,
				A7F678EE237515A100425CC7 /* Info.plist */,
			);
			path = iOSTrainingAPICallsUITests;
			sourceTree = "<group>";
		};
/* End PBXGroup section */

/* Begin PBXNativeTarget section */
		A7F678C1237515A000425CC7 /* iOSTrainingAPICalls */ = {
			isa = PBXNativeTarget;
			buildConfigurationList = A7F678F1237515A100425CC7 /* Build configuration list for PBXNativeTarget "iOSTrainingAPICalls" */;
			buildPhases = (
				A7F678BE237515A000425CC7 /* Sources */,
				A7F678BF237515A000425CC7 /* Frameworks */,
				A7F678C0237515A000425CC7 /* Resources */,
			);
			buildRules = (
			);
			dependencies = (
			);
			name = iOSTrainingAPICalls;
			productName = iOSTrainingAPICalls;
			productReference = A7F678C2237515A000425CC7 /* iOSTrainingAPICalls.app */;
			productType = "com.apple.product-type.application";
		};
		A7F678DC237515A100425CC7 /* iOSTrainingAPICallsTests */ = {
			isa = PBXNativeTarget;
			buildConfigurationList = A7F678F4237515A100425CC7 /* Build configuration list for PBXNativeTarget "iOSTrainingAPICallsTests" */;
			buildPhases = (
				A7F678D9237515A100425CC7 /* Sources */,
				A7F678DA237515A100425CC7 /* Frameworks */,
				A7F678DB237515A100425CC7 /* Resources */,
			);
			buildRules = (
			);
			dependencies = (
				A7F678DF237515A100425CC7 /* PBXTargetDependency */,
			);
			name = iOSTrainingAPICallsTests;
			productName = iOSTrainingAPICallsTests;
			productReference = A7F678DD237515A100425CC7 /* iOSTrainingAPICallsTests.xctest */;
			productType = "com.apple.product-type.bundle.unit-test";
		};
		A7F678E7237515A100425CC7 /* iOSTrainingAPICallsUITests */ = {
			isa = PBXNativeTarget;
			buildConfigurationList = A7F678F7237515A100425CC7 /* Build configuration list for PBXNativeTarget "iOSTrainingAPICallsUITests" */;
			buildPhases = (
				A7F678E4237515A100425CC7 /* Sources */,
				A7F678E5237515A100425CC7 /* Frameworks */,
				A7F678E6237515A100425CC7 /* Resources */,
			);
			buildRules = (
			);
			dependencies = (
				A7F678EA237515A100425CC7 /* PBXTargetDependency */,
			);
			name = iOSTrainingAPICallsUITests;
			productName = iOSTrainingAPICallsUITests;
			productReference = A7F678E8237515A100425CC7 /* iOSTrainingAPICallsUITests.xctest */;
			productType = "com.apple.product-type.bundle.ui-testing";
		};
/* End PBXNativeTarget section */

/* Begin PBXProject section */
		A7F678BA237515A000425CC7 /* Project object */ = {
			isa = PBXProject;
			attributes = {
				LastUpgradeCheck = 1020;
				ORGANIZATIONNAME = OPSolutions;
				TargetAttributes = {
					A7F678C1237515A000425CC7 = {
						CreatedOnToolsVersion = 10.2;
					};
					A7F678DC237515A100425CC7 = {
						CreatedOnToolsVersion = 10.2;
						TestTargetID = A7F678C1237515A000425CC7;
					};
					A7F678E7237515A100425CC7 = {
						CreatedOnToolsVersion = 10.2;
						TestTargetID = A7F678C1237515A000425CC7;
					};
				};
			};
			buildConfigurationList = A7F678BD237515A000425CC7 /* Build configuration list for PBXProject "iOSTrainingAPICalls" */;
			compatibilityVersion = "Xcode 9.3";
			developmentRegion = en;
			hasScannedForEncodings = 0;
			knownRegions = (
				en,
				Base,
			);
			mainGroup = A7F678B9237515A000425CC7;
			productRefGroup = A7F678C3237515A000425CC7 /* Products */;
			projectDirPath = "";
			projectRoot = "";
			targets = (
				A7F678C1237515A000425CC7 /* iOSTrainingAPICalls */,
				A7F678DC237515A100425CC7 /* iOSTrainingAPICallsTests */,
				A7F678E7237515A100425CC7 /* iOSTrainingAPICallsUITests */,
			);
		};
/* End PBXProject section */

/* Begin PBXResourcesBuildPhase section */
		A7F678C0237515A000425CC7 /* Resources */ = {
			isa = PBXResourcesBuildPhase;
			buildActionMask = 2147483647;
			files = (
				A7F678D5237515A100425CC7 /* LaunchScreen.storyboard in Resources */,
				A7F678D2237515A100425CC7 /* Assets.xcassets in Resources */,
				A7F678CD237515A000425CC7 /* Main.storyboard in Resources */,
			);
			runOnlyForDeploymentPostprocessing = 0;
		};
		A7F678DB237515A100425CC7 /* Resources */ = {
			isa = PBXResourcesBuildPhase;
			buildActionMask = 2147483647;
			files = (
			);
			runOnlyForDeploymentPostprocessing = 0;
		};
		A7F678E6237515A100425CC7 /* Resources */ = {
			isa = PBXResourcesBuildPhase;
			buildActionMask = 2147483647;
			files = (
			);
			runOnlyForDeploymentPostprocessing = 0;
		};
/* End PBXResourcesBuildPhase section */

/* Begin PBXSourcesBuildPhase section */
		A7F678BE237515A000425CC7 /* Sources */ = {
			isa = PBXSourcesBuildPhase;
			buildActionMask = 2147483647;
			files = (
				A7F678D0237515A000425CC7 /* iOSTrainingAPICalls.xcdatamodeld in Sources */,
				A7F678CA237515A000425CC7 /* ViewController.m in Sources */,
				A7F678D8237515A100425CC7 /* main.m in Sources */,
				A7F678C7237515A000425CC7 /* AppDelegate.m in Sources */,
			);
			runOnlyForDeploymentPostprocessing = 0;
		};
		A7F678D9237515A100425CC7 /* Sources */ = {
			isa = PBXSourcesBuildPhase;
			buildActionMask = 2147483647;
			files = (
				A7F678E2237515A100425CC7 /* iOSTrainingAPICallsTests.m in Sources */,
			);
			runOnlyForDeploymentPostprocessing = 0;
		};
		A7F678E4237515A100425CC7 /* Sources */ = {
			isa = PBXSourcesBuildPhase;
			buildActionMask = 2147483647;
			files = (
				A7F678ED237515A100425CC7 /* iOSTrainingAPICallsUITests.m in Sources */,
			);
			runOnlyForDeploymentPostprocessing = 0;
		};
/* End PBXSourcesBuildPhase section */

/* Begin PBXTargetDependency section */
		A7F678DF237515A100425CC7 /* PBXTargetDependency */ = {
			isa = PBXTargetDependency;
			target = A7F678C1237515A000425CC7 /* iOSTrainingAPICalls */;
			targetProxy = A7F678DE237515A100425CC7 /* PBXContainerItemProxy */;
		};
		A7F678EA237515A100425CC7 /* PBXTargetDependency */ = {
			isa = PBXTargetDependency;
			target = A7F678C1237515A000425CC7 /* iOSTrainingAPICalls */;
			targetProxy = A7F678E9237515A100425CC7 /* PBXContainerItemProxy */;
		};
/* End PBXTargetDependency section */

/* Begin PBXVariantGroup section */
		A7F678CB237515A000425CC7 /* Main.storyboard */ = {
			isa = PBXVariantGroup;
			children = (
				A7F678CC237515A000425CC7 /* Base */,
			);
			name = Main.storyboard;
			sourceTree = "<group>";
		};
		A7F678D3237515A100425CC7 /* LaunchScreen.storyboard */ = {
			isa = PBXVariantGroup;
			children = (
				A7F678D4237515A100425CC7 /* Base */,
			);
			name = LaunchScreen.storyboard;
			sourceTree = "<group>";
		};
/* End PBXVariantGroup section */

/* Begin XCBuildConfiguration section */
		A7F678EF237515A100425CC7 /* Debug */ = {
			isa = XCBuildConfiguration;
			buildSettings = {
				ALWAYS_SEARCH_USER_PATHS = NO;
				CLANG_ANALYZER_NONNULL = YES;
				CLANG_ANALYZER_NUMBER_OBJECT_CONVERSION = YES_AGGRESSIVE;
				CLANG_CXX_LANGUAGE_STANDARD = "gnu++14";
				CLANG_CXX_LIBRARY = "libc++";
				CLANG_ENABLE_MODULES = YES;
				CLANG_ENABLE_OBJC_ARC = YES;
				CLANG_ENABLE_OBJC_WEAK = YES;
				CLANG_WARN_BLOCK_CAPTURE_AUTORELEASING = YES;
				CLANG_WARN_BOOL_CONVERSION = YES;
				CLANG_WARN_COMMA = YES;
				CLANG_WARN_CONSTANT_CONVERSION = YES;
				CLANG_WARN_DEPRECATED_OBJC_IMPLEMENTATIONS = YES;
				CLANG_WARN_DIRECT_OBJC_ISA_USAGE = YES_ERROR;
				CLANG_WARN_DOCUMENTATION_COMMENTS = YES;
				CLANG_WARN_EMPTY_BODY = YES;
				CLANG_WARN_ENUM_CONVERSION = YES;
				CLANG_WARN_INFINITE_RECURSION = YES;
				CLANG_WARN_INT_CONVERSION = YES;
				CLANG_WARN_NON_LITERAL_NULL_CONVERSION = YES;
				CLANG_WARN_OBJC_IMPLICIT_RETAIN_SELF = YES;
				CLANG_WARN_OBJC_LITERAL_CONVERSION = YES;
				CLANG_WARN_OBJC_ROOT_CLASS = YES_ERROR;
				CLANG_WARN_RANGE_LOOP_ANALYSIS = YES;
				CLANG_WARN_STRICT_PROTOTYPES = YES;
				CLANG_WARN_SUSPICIOUS_MOVE = YES;
				CLANG_WARN_UNGUARDED_AVAILABILITY = YES_AGGRESSIVE;
				CLANG_WARN_UNREACHABLE_CODE = YES;
				CLANG_WARN__DUPLICATE_METHOD_MATCH = YES;
				CODE_SIGN_IDENTITY = "iPhone Developer";
				COPY_PHASE_STRIP = NO;
				DEBUG_INFORMATION_FORMAT = dwarf;
				ENABLE_STRICT_OBJC_MSGSEND = YES;
				ENABLE_TESTABILITY = YES;
				GCC_C_LANGUAGE_STANDARD = gnu11;
				GCC_DYNAMIC_NO_PIC = NO;
				GCC_NO_COMMON_BLOCKS = YES;
				GCC_OPTIMIZATION_LEVEL = 0;
				GCC_PREPROCESSOR_DEFINITIONS = (
					"DEBUG=1",
					"$(inherited)",
				);
				GCC_WARN_64_TO_32_BIT_CONVERSION = YES;
				GCC_WARN_ABOUT_RETURN_TYPE = YES_ERROR;
				GCC_WARN_UNDECLARED_SELECTOR = YES;
				GCC_WARN_UNINITIALIZED_AUTOS = YES_AGGRESSIVE;
				GCC_WARN_UNUSED_FUNCTION = YES;
				GCC_WARN_UNUSED_VARIABLE = YES;
				IPHONEOS_DEPLOYMENT_TARGET = 12.2;
				MTL_ENABLE_DEBUG_INFO = INCLUDE_SOURCE;
				MTL_FAST_MATH = YES;
				ONLY_ACTIVE_ARCH = YES;
				SDKROOT = iphoneos;
			};
			name = Debug;
		};
		A7F678F0237515A100425CC7 /* Release */ = {
			isa = XCBuildConfiguration;
			buildSettings = {
				ALWAYS_SEARCH_USER_PATHS = NO;
				CLANG_ANALYZER_NONNULL = YES;
				CLANG_ANALYZER_NUMBER_OBJECT_CONVERSION = YES_AGGRESSIVE;
				CLANG_CXX_LANGUAGE_STANDARD = "gnu++14";
				CLANG_CXX_LIBRARY = "libc++";
				CLANG_ENABLE_MODULES = YES;
				CLANG_ENABLE_OBJC_ARC = YES;
				CLANG_ENABLE_OBJC_WEAK = YES;
				CLANG_WARN_BLOCK_CAPTURE_AUTORELEASING = YES;
				CLANG_WARN_BOOL_CONVERSION = YES;
				CLANG_WARN_COMMA = YES;
				CLANG_WARN_CONSTANT_CONVERSION = YES;
				CLANG_WARN_DEPRECATED_OBJC_IMPLEMENTATIONS = YES;
				CLANG_WARN_DIRECT_OBJC_ISA_USAGE = YES_ERROR;
				CLANG_WARN_DOCUMENTATION_COMMENTS = YES;
				CLANG_WARN_EMPTY_BODY = YES;
				CLANG_WARN_ENUM_CONVERSION = YES;
				CLANG_WARN_INFINITE_RECURSION = YES;
				CLANG_WARN_INT_CONVERSION = YES;
				CLANG_WARN_NON_LITERAL_NULL_CONVERSION = YES;
				CLANG_WARN_OBJC_IMPLICIT_RETAIN_SELF = YES;
				CLANG_WARN_OBJC_LITERAL_CONVERSION = YES;
				CLANG_WARN_OBJC_ROOT_CLASS = YES_ERROR;
				CLANG_WARN_RANGE_LOOP_ANALYSIS = YES;
				CLANG_WARN_STRICT_PROTOTYPES = YES;
				CLANG_WARN_SUSPICIOUS_MOVE = YES;
				CLANG_WARN_UNGUARDED_AVAILABILITY = YES_AGGRESSIVE;
				CLANG_WARN_UNREACHABLE_CODE = YES;
				CLANG_WARN__DUPLICATE_METHOD_MATCH = YES;
				CODE_SIGN_IDENTITY = "iPhone Developer";
				COPY_PHASE_STRIP = NO;
				DEBUG_INFORMATION_FORMAT = "dwarf-with-dsym";
				ENABLE_NS_ASSERTIONS = NO;
				ENABLE_STRICT_OBJC_MSGSEND = YES;
				GCC_C_LANGUAGE_STANDARD = gnu11;
				GCC_NO_COMMON_BLOCKS = YES;
				GCC_WARN_64_TO_32_BIT_CONVERSION = YES;
				GCC_WARN_ABOUT_RETURN_TYPE = YES_ERROR;
				GCC_WARN_UNDECLARED_SELECTOR = YES;
				GCC_WARN_UNINITIALIZED_AUTOS = YES_AGGRESSIVE;
				GCC_WARN_UNUSED_FUNCTION = YES;
				GCC_WARN_UNUSED_VARIABLE = YES;
				IPHONEOS_DEPLOYMENT_TARGET = 12.2;
				MTL_ENABLE_DEBUG_INFO = NO;
				MTL_FAST_MATH = YES;
				SDKROOT = iphoneos;
				VALIDATE_PRODUCT = YES;
			};
			name = Release;
		};
		A7F678F2237515A100425CC7 /* Debug */ = {
			isa = XCBuildConfiguration;
			buildSettings = {
				ASSETCATALOG_COMPILER_APPICON_NAME = AppIcon;
				CODE_SIGN_STYLE = Automatic;
				INFOPLIST_FILE = iOSTrainingAPICalls/Info.plist;
				LD_RUNPATH_SEARCH_PATHS = (
					"$(inherited)",
					"@executable_path/Frameworks",
				);
				PRODUCT_BUNDLE_IDENTIFIER = com.opsolutions.iOSTrainingAPICalls;
				PRODUCT_NAME = "$(TARGET_NAME)";
				TARGETED_DEVICE_FAMILY = "1,2";
			};
			name = Debug;
		};
		A7F678F3237515A100425CC7 /* Release */ = {
			isa = XCBuildConfiguration;
			buildSettings = {
				ASSETCATALOG_COMPILER_APPICON_NAME = AppIcon;
				CODE_SIGN_STYLE = Automatic;
				INFOPLIST_FILE = iOSTrainingAPICalls/Info.plist;
				LD_RUNPATH_SEARCH_PATHS = (
					"$(inherited)",
					"@executable_path/Frameworks",
				);
				PRODUCT_BUNDLE_IDENTIFIER = com.opsolutions.iOSTrainingAPICalls;
				PRODUCT_NAME = "$(TARGET_NAME)";
				TARGETED_DEVICE_FAMILY = "1,2";
			};
			name = Release;
		};
		A7F678F5237515A100425CC7 /* Debug */ = {
			isa = XCBuildConfiguration;
			buildSettings = {
				BUNDLE_LOADER = "$(TEST_HOST)";
				CODE_SIGN_STYLE = Automatic;
				INFOPLIST_FILE = iOSTrainingAPICallsTests/Info.plist;
				LD_RUNPATH_SEARCH_PATHS = (
					"$(inherited)",
					"@executable_path/Frameworks",
					"@loader_path/Frameworks",
				);
				PRODUCT_BUNDLE_IDENTIFIER = com.opsolutions.iOSTrainingAPICallsTests;
				PRODUCT_NAME = "$(TARGET_NAME)";
				TARGETED_DEVICE_FAMILY = "1,2";
				TEST_HOST = "$(BUILT_PRODUCTS_DIR)/iOSTrainingAPICalls.app/iOSTrainingAPICalls";
			};
			name = Debug;
		};
		A7F678F6237515A100425CC7 /* Release */ = {
			isa = XCBuildConfiguration;
			buildSettings = {
				BUNDLE_LOADER = "$(TEST_HOST)";
				CODE_SIGN_STYLE = Automatic;
				INFOPLIST_FILE = iOSTrainingAPICallsTests/Info.plist;
				LD_RUNPATH_SEARCH_PATHS = (
					"$(inherited)",
					"@executable_path/Frameworks",
					"@loader_path/Frameworks",
				);
				PRODUCT_BUNDLE_IDENTIFIER = com.opsolutions.iOSTrainingAPICallsTests;
				PRODUCT_NAME = "$(TARGET_NAME)";
				TARGETED_DEVICE_FAMILY = "1,2";
				TEST_HOST = "$(BUILT_PRODUCTS_DIR)/iOSTrainingAPICalls.app/iOSTrainingAPICalls";
			};
			name = Release;
		};
		A7F678F8237515A100425CC7 /* Debug */ = {
			isa = XCBuildConfiguration;
			buildSettings = {
				CODE_SIGN_STYLE = Automatic;
				INFOPLIST_FILE = iOSTrainingAPICallsUITests/Info.plist;
				LD_RUNPATH_SEARCH_PATHS = (
					"$(inherited)",
					"@executable_path/Frameworks",
					"@loader_path/Frameworks",
				);
				PRODUCT_BUNDLE_IDENTIFIER = com.opsolutions.iOSTrainingAPICallsUITests;
				PRODUCT_NAME = "$(TARGET_NAME)";
				TARGETED_DEVICE_FAMILY = "1,2";
				TEST_TARGET_NAME = iOSTrainingAPICalls;
			};
			name = Debug;
		};
		A7F678F9237515A100425CC7 /* Release */ = {
			isa = XCBuildConfiguration;
			buildSettings = {
				CODE_SIGN_STYLE = Automatic;
				INFOPLIST_FILE = iOSTrainingAPICallsUITests/Info.plist;
				LD_RUNPATH_SEARCH_PATHS = (
					"$(inherited)",
					"@executable_path/Frameworks",
					"@loader_path/Frameworks",
				);
				PRODUCT_BUNDLE_IDENTIFIER = com.opsolutions.iOSTrainingAPICallsUITests;
				PRODUCT_NAME = "$(TARGET_NAME)";
				TARGETED_DEVICE_FAMILY = "1,2";
				TEST_TARGET_NAME = iOSTrainingAPICalls;
			};
			name = Release;
		};
/* End XCBuildConfiguration section */

/* Begin XCConfigurationList section */
		A7F678BD237515A000425CC7 /* Build configuration list for PBXProject "iOSTrainingAPICalls" */ = {
			isa = XCConfigurationList;
			buildConfigurations = (
				A7F678EF237515A100425CC7 /* Debug */,
				A7F678F0237515A100425CC7 /* Release */,
			);
			defaultConfigurationIsVisible = 0;
			defaultConfigurationName = Release;
		};
		A7F678F1237515A100425CC7 /* Build configuration list for PBXNativeTarget "iOSTrainingAPICalls" */ = {
			isa = XCConfigurationList;
			buildConfigurations = (
				A7F678F2237515A100425CC7 /* Debug */,
				A7F678F3237515A100425CC7 /* Release */,
			);
			defaultConfigurationIsVisible = 0;
			defaultConfigurationName = Release;
		};
		A7F678F4237515A100425CC7 /* Build configuration list for PBXNativeTarget "iOSTrainingAPICallsTests" */ = {
			isa = XCConfigurationList;
			buildConfigurations = (
				A7F678F5237515A100425CC7 /* Debug */,
				A7F678F6237515A100425CC7 /* Release */,
			);
			defaultConfigurationIsVisible = 0;
			defaultConfigurationName = Release;
		};
		A7F678F7237515A100425CC7 /* Build configuration list for PBXNativeTarget "iOSTrainingAPICallsUITests" */ = {
			isa = XCConfigurationList;
			buildConfigurations = (
				A7F678F8237515A100425CC7 /* Debug */,
				A7F678F9237515A100425CC7 /* Release */,
			);
			defaultConfigurationIsVisible = 0;
			defaultConfigurationName = Release;
		};
/* End XCConfigurationList section */

/* Begin XCVersionGroup section */
		A7F678CE237515A000425CC7 /* iOSTrainingAPICalls.xcdatamodeld */ = {
			isa = XCVersionGroup;
			children = (
				A7F678CF237515A000425CC7 /* iOSTrainingAPICalls.xcdatamodel */,
			);
			currentVersion = A7F678CF237515A000425CC7 /* iOSTrainingAPICalls.xcdatamodel */;
			path = iOSTrainingAPICalls.xcdatamodeld;
			sourceTree = "<group>";
			versionGroupType = wrapper.xcdatamodel;
		};
/* End XCVersionGroup section */
	};
	rootObject = A7F678BA237515A000425CC7 /* Project object */;
}
